Microsoft Visual Studio Solution File, Format Version 12.00
# Visual Studio Version 17
VisualStudioVersion = 17.5.2.0
MinimumVisualStudioVersion = 10.0.40219.1
Project("{FAE04EC0-301F-11D3-BF4B-00C04F79EFBC}") = "Gradingsystem", "Gradingsystem.csproj", "{74035D50-47E4-B8F3-BD3A-78B2E7D16CEA}"
EndProject
Global
	GlobalSection(SolutionConfigurationPlatforms) = preSolution
		Debug|Any CPU = Debug|Any CPU
		Release|Any CPU = Release|Any CPU
	EndGlobalSection
	GlobalSection(ProjectConfigurationPlatforms) = postSolution
		{74035D50-47E4-B8F3-BD3A-78B2E7D16CEA}.Debug|Any CPU.ActiveCfg = Debug|Any CPU
		{74035D50-47E4-B8F3-BD3A-78B2E7D16CEA}.Debug|Any CPU.Build.0 = Debug|Any CPU
		{74035D50-47E4-B8F3-BD3A-78B2E7D16CEA}.Release|Any CPU.ActiveCfg = Release|Any CPU
		{74035D50-47E4-B8F3-BD3A-78B2E7D16CEA}.Release|Any CPU.Build.0 = Release|Any CPU
	EndGlobalSection
	GlobalSection(SolutionProperties) = preSolution
		HideSolutionNode = FALSE
	EndGlobalSection
	GlobalSection(ExtensibilityGlobals) = postSolution
		SolutionGuid = {A15F2E80-C988-4142-920C-669100069A3D}
	EndGlobalSection
EndGlobal
